// !$*UTF8*$!
{
	archiveVersion = 1;
	classes = {
	};
	objectVersion = 50;
	objects = {

/* Begin PBXBuildFile section */
		B93612172655CA0F007347FF /* Constants.swift in Sources */ = {isa = PBXBuildFile; fileRef = B93612162655CA0F007347FF /* Constants.swift */; };
		B9385A3F2661B4E4001E8891 /* GradientView.swift in Sources */ = {isa = PBXBuildFile; fileRef = B9385A3E2661B4E4001E8891 /* GradientView.swift */; };
		B93D1F2226530A91005B43F0 /* SearchResultCell.xib in Resources */ = {isa = PBXBuildFile; fileRef = B93D1F2126530A91005B43F0 /* SearchResultCell.xib */; };
		B96ABDF8264F48D700AF4250 /* SearchResult.swift in Sources */ = {isa = PBXBuildFile; fileRef = B96ABDF7264F48D700AF4250 /* SearchResult.swift */; };
		B992D8262659B0BB005980CD /* LoadingCell.xib in Resources */ = {isa = PBXBuildFile; fileRef = B992D8252659B0BB005980CD /* LoadingCell.xib */; };
		B99734072653337B00809E84 /* NothingFoundCell.xib in Resources */ = {isa = PBXBuildFile; fileRef = B99734062653337B00809E84 /* NothingFoundCell.xib */; };
		B9CB94382653263800139580 /* SearchResultCell.swift in Sources */ = {isa = PBXBuildFile; fileRef = B9CB94372653263800139580 /* SearchResultCell.swift */; };
		B9D5A93B264F0B5500F920D7 /* AppDelegate.swift in Sources */ = {isa = PBXBuildFile; fileRef = B9D5A93A264F0B5500F920D7 /* AppDelegate.swift */; };
		B9D5A93D264F0B5500F920D7 /* SceneDelegate.swift in Sources */ = {isa = PBXBuildFile; fileRef = B9D5A93C264F0B5500F920D7 /* SceneDelegate.swift */; };
		B9D5A93F264F0B5500F920D7 /* SearchViewController.swift in Sources */ = {isa = PBXBuildFile; fileRef = B9D5A93E264F0B5500F920D7 /* SearchViewController.swift */; };
		B9D5A942264F0B5500F920D7 /* Main.storyboard in Resources */ = {isa = PBXBuildFile; fileRef = B9D5A940264F0B5500F920D7 /* Main.storyboard */; };
		B9D5A944264F0B5600F920D7 /* Assets.xcassets in Resources */ = {isa = PBXBuildFile; fileRef = B9D5A943264F0B5600F920D7 /* Assets.xcassets */; };
		B9E8EA74265EFDCF00EB47B5 /* UIImageView+DownloadImage.swift in Sources */ = {isa = PBXBuildFile; fileRef = B9E8EA73265EFDCF00EB47B5 /* UIImageView+DownloadImage.swift */; };
		B9E8EA76265F13A800EB47B5 /* DetailViewController.swift in Sources */ = {isa = PBXBuildFile; fileRef = B9E8EA75265F13A800EB47B5 /* DetailViewController.swift */; };
/* End PBXBuildFile section */

/* Begin PBXFileReference section */
		B93612162655CA0F007347FF /* Constants.swift */ = {isa = PBXFileReference; lastKnownFileType = sourcecode.swift; path = Constants.swift; sourceTree = "<group>"; };
		B9385A3E2661B4E4001E8891 /* GradientView.swift */ = {isa = PBXFileReference; lastKnownFileType = sourcecode.swift; path = GradientView.swift; sourceTree = "<group>"; };
		B93D1F2126530A91005B43F0 /* SearchResultCell.xib */ = {isa = PBXFileReference; lastKnownFileType = file.xib; path = SearchResultCell.xib; sourceTree = "<group>"; };
		B96ABDF7264F48D700AF4250 /* SearchResult.swift */ = {isa = PBXFileReference; lastKnownFileType = sourcecode.swift; path = SearchResult.swift; sourceTree = "<group>"; };
		B992D8252659B0BB005980CD /* LoadingCell.xib */ = {isa = PBXFileReference; lastKnownFileType = file.xib; path = LoadingCell.xib; sourceTree = "<group>"; };
		B99734062653337B00809E84 /* NothingFoundCell.xib */ = {isa = PBXFileReference; lastKnownFileType = file.xib; path = NothingFoundCell.xib; sourceTree = "<group>"; };
		B9CB94372653263800139580 /* SearchResultCell.swift */ = {isa = PBXFileReference; lastKnownFileType = sourcecode.swift; path = SearchResultCell.swift; sourceTree = "<group>"; };
		B9D5A937264F0B5500F920D7 /* StoreSearch.app */ = {isa = PBXFileReference; explicitFileType = wrapper.application; includeInIndex = 0; path = StoreSearch.app; sourceTree = BUILT_PRODUCTS_DIR; };
		B9D5A93A264F0B5500F920D7 /* AppDelegate.swift */ = {isa = PBXFileReference; lastKnownFileType = sourcecode.swift; path = AppDelegate.swift; sourceTree = "<group>"; };
		B9D5A93C264F0B5500F920D7 /* SceneDelegate.swift */ = {isa = PBXFileReference; lastKnownFileType = sourcecode.swift; path = SceneDelegate.swift; sourceTree = "<group>"; };
		B9D5A93E264F0B5500F920D7 /* SearchViewController.swift */ = {isa = PBXFileReference; lastKnownFileType = sourcecode.swift; path = SearchViewController.swift; sourceTree = "<group>"; };
		B9D5A941264F0B5500F920D7 /* Base */ = {isa = PBXFileReference; lastKnownFileType = file.storyboard; name = Base; path = Base.lproj/Main.storyboard; sourceTree = "<group>"; };
		B9D5A943264F0B5600F920D7 /* Assets.xcassets */ = {isa = PBXFileReference; lastKnownFileType = folder.assetcatalog; path = Assets.xcassets; sourceTree = "<group>"; };
		B9D5A948264F0B5600F920D7 /* Info.plist */ = {isa = PBXFileReference; lastKnownFileType = text.plist.xml; path = Info.plist; sourceTree = "<group>"; };
		B9E8EA73265EFDCF00EB47B5 /* UIImageView+DownloadImage.swift */ = {isa = PBXFileReference; lastKnownFileType = sourcecode.swift; path = "UIImageView+DownloadImage.swift"; sourceTree = "<group>"; };
		B9E8EA75265F13A800EB47B5 /* DetailViewController.swift */ = {isa = PBXFileReference; lastKnownFileType = sourcecode.swift; path = DetailViewController.swift; sourceTree = "<group>"; };
/* End PBXFileReference section */

/* Begin PBXFrameworksBuildPhase section */
		B9D5A934264F0B5500F920D7 /* Frameworks */ = {
			isa = PBXFrameworksBuildPhase;
			buildActionMask = 2147483647;
			files = (
			);
			runOnlyForDeploymentPostprocessing = 0;
		};
/* End PBXFrameworksBuildPhase section */

/* Begin PBXGroup section */
		B96ABDF6264F485F00AF4250 /* Data Model */ = {
			isa = PBXGroup;
			children = (
				B96ABDF7264F48D700AF4250 /* SearchResult.swift */,
			);
			path = "Data Model";
			sourceTree = "<group>";
		};
		B9CB94362653258F00139580 /* View */ = {
			isa = PBXGroup;
			children = (
				B9E8EA75265F13A800EB47B5 /* DetailViewController.swift */,
				B9CB94372653263800139580 /* SearchResultCell.swift */,
				B93612162655CA0F007347FF /* Constants.swift */,
				B9E8EA73265EFDCF00EB47B5 /* UIImageView+DownloadImage.swift */,
				B9385A3E2661B4E4001E8891 /* GradientView.swift */,
				B93D1F2126530A91005B43F0 /* SearchResultCell.xib */,
				B99734062653337B00809E84 /* NothingFoundCell.xib */,
				B992D8252659B0BB005980CD /* LoadingCell.xib */,
			);
			path = View;
			sourceTree = "<group>";
		};
		B9D5A92E264F0B5500F920D7 = {
			isa = PBXGroup;
			children = (
				B9D5A939264F0B5500F920D7 /* StoreSearch */,
				B9D5A938264F0B5500F920D7 /* Products */,
			);
			sourceTree = "<group>";
		};
		B9D5A938264F0B5500F920D7 /* Products */ = {
			isa = PBXGroup;
			children = (
				B9D5A937264F0B5500F920D7 /* StoreSearch.app */,
			);
			name = Products;
			sourceTree = "<group>";
		};
		B9D5A939264F0B5500F920D7 /* StoreSearch */ = {
			isa = PBXGroup;
			children = (
				B9D5A94E264F0C0400F920D7 /* View Controllers */,
				B96ABDF6264F485F00AF4250 /* Data Model */,
				B9CB94362653258F00139580 /* View */,
				B9D5A93A264F0B5500F920D7 /* AppDelegate.swift */,
				B9D5A93C264F0B5500F920D7 /* SceneDelegate.swift */,
				B9D5A940264F0B5500F920D7 /* Main.storyboard */,
				B9D5A943264F0B5600F920D7 /* Assets.xcassets */,
				B9D5A948264F0B5600F920D7 /* Info.plist */,
			);
			path = StoreSearch;
			sourceTree = "<group>";
		};
		B9D5A94E264F0C0400F920D7 /* View Controllers */ = {
			isa = PBXGroup;
			children = (
				B9D5A93E264F0B5500F920D7 /* SearchViewController.swift */,
			);
			path = "View Controllers";
			sourceTree = "<group>";
		};
/* End PBXGroup section */

/* Begin PBXNativeTarget section */
		B9D5A936264F0B5500F920D7 /* StoreSearch */ = {
			isa = PBXNativeTarget;
			buildConfigurationList = B9D5A94B264F0B5600F920D7 /* Build configuration list for PBXNativeTarget "StoreSearch" */;
			buildPhases = (
				B9D5A933264F0B5500F920D7 /* Sources */,
				B9D5A934264F0B5500F920D7 /* Frameworks */,
				B9D5A935264F0B5500F920D7 /* Resources */,
			);
			buildRules = (
			);
			dependencies = (
			);
			name = StoreSearch;
			productName = StoreSearch;
			productReference = B9D5A937264F0B5500F920D7 /* StoreSearch.app */;
			productType = "com.apple.product-type.application";
		};
/* End PBXNativeTarget section */

/* Begin PBXProject section */
		B9D5A92F264F0B5500F920D7 /* Project object */ = {
			isa = PBXProject;
			attributes = {
				LastSwiftUpdateCheck = 1250;
				LastUpgradeCheck = 1250;
				TargetAttributes = {
					B9D5A936264F0B5500F920D7 = {
						CreatedOnToolsVersion = 12.5;
					};
				};
			};
			buildConfigurationList = B9D5A932264F0B5500F920D7 /* Build configuration list for PBXProject "StoreSearch" */;
			compatibilityVersion = "Xcode 9.3";
			developmentRegion = en;
			hasScannedForEncodings = 0;
			knownRegions = (
				en,
				Base,
			);
			mainGroup = B9D5A92E264F0B5500F920D7;
			productRefGroup = B9D5A938264F0B5500F920D7 /* Products */;
			projectDirPath = "";
			projectRoot = "";
			targets = (
				B9D5A936264F0B5500F920D7 /* StoreSearch */,
			);
		};
/* End PBXProject section */

/* Begin PBXResourcesBuildPhase section */
		B9D5A935264F0B5500F920D7 /* Resources */ = {
			isa = PBXResourcesBuildPhase;
			buildActionMask = 2147483647;
			files = (
				B9D5A944264F0B5600F920D7 /* Assets.xcassets in Resources */,
				B992D8262659B0BB005980CD /* LoadingCell.xib in Resources */,
				B93D1F2226530A91005B43F0 /* SearchResultCell.xib in Resources */,
				B99734072653337B00809E84 /* NothingFoundCell.xib in Resources */,
				B9D5A942264F0B5500F920D7 /* Main.storyboard in Resources */,
			);
			runOnlyForDeploymentPostprocessing = 0;
		};
/* End PBXResourcesBuildPhase section */

/* Begin PBXSourcesBuildPhase section */
		B9D5A933264F0B5500F920D7 /* Sources */ = {
			isa = PBXSourcesBuildPhase;
			buildActionMask = 2147483647;
			files = (
				B9E8EA74265EFDCF00EB47B5 /* UIImageView+DownloadImage.swift in Sources */,
				B9D5A93F264F0B5500F920D7 /* SearchViewController.swift in Sources */,
				B9D5A93B264F0B5500F920D7 /* AppDelegate.swift in Sources */,
				B96ABDF8264F48D700AF4250 /* SearchResult.swift in Sources */,
				B9D5A93D264F0B5500F920D7 /* SceneDelegate.swift in Sources */,
				B9CB94382653263800139580 /* SearchResultCell.swift in Sources */,
				B93612172655CA0F007347FF /* Constants.swift in Sources */,
				B9E8EA76265F13A800EB47B5 /* DetailViewController.swift in Sources */,
				B9385A3F2661B4E4001E8891 /* GradientView.swift in Sources */,
			);
			runOnlyForDeploymentPostprocessing = 0;
		};
/* End PBXSourcesBuildPhase section */

/* Begin PBXVariantGroup section */
		B9D5A940264F0B5500F920D7 /* Main.storyboard */ = {
			isa = PBXVariantGroup;
			children = (
				B9D5A941264F0B5500F920D7 /* Base */,
			);
			name = Main.storyboard;
			sourceTree = "<group>";
		};
/* End PBXVariantGroup section */

/* Begin XCBuildConfiguration section */
		B9D5A949264F0B5600F920D7 /* Debug */ = {
			isa = XCBuildConfiguration;
			buildSettings = {
				ALWAYS_SEARCH_USER_PATHS = NO;
				CLANG_ANALYZER_NONNULL = YES;
				CLANG_ANALYZER_NUMBER_OBJECT_CONVERSION = YES_AGGRESSIVE;
				CLANG_CXX_LANGUAGE_STANDARD = "gnu++14";
				CLANG_CXX_LIBRARY = "libc++";
				CLANG_ENABLE_MODULES = YES;
				CLANG_ENABLE_OBJC_ARC = YES;
				CLANG_ENABLE_OBJC_WEAK = YES;
				CLANG_WARN_BLOCK_CAPTURE_AUTORELEASING = YES;
				CLANG_WARN_BOOL_CONVERSION = YES;
				CLANG_WARN_COMMA = YES;
				CLANG_WARN_CONSTANT_CONVERSION = YES;
				CLANG_WARN_DEPRECATED_OBJC_IMPLEMENTATIONS = YES;
				CLANG_WARN_DIRECT_OBJC_ISA_USAGE = YES_ERROR;
				CLANG_WARN_DOCUMENTATION_COMMENTS = YES;
				CLANG_WARN_EMPTY_BODY = YES;
				CLANG_WARN_ENUM_CONVERSION = YES;
				CLANG_WARN_INFINITE_RECURSION = YES;
				CLANG_WARN_INT_CONVERSION = YES;
				CLANG_WARN_NON_LITERAL_NULL_CONVERSION = YES;
				CLANG_WARN_OBJC_IMPLICIT_RETAIN_SELF = YES;
				CLANG_WARN_OBJC_LITERAL_CONVERSION = YES;
				CLANG_WARN_OBJC_ROOT_CLASS = YES_ERROR;
				CLANG_WARN_QUOTED_INCLUDE_IN_FRAMEWORK_HEADER = YES;
				CLANG_WARN_RANGE_LOOP_ANALYSIS = YES;
				CLANG_WARN_STRICT_PROTOTYPES = YES;
				CLANG_WARN_SUSPICIOUS_MOVE = YES;
				CLANG_WARN_UNGUARDED_AVAILABILITY = YES_AGGRESSIVE;
				CLANG_WARN_UNREACHABLE_CODE = YES;
				CLANG_WARN__DUPLICATE_METHOD_MATCH = YES;
				COPY_PHASE_STRIP = NO;
				DEBUG_INFORMATION_FORMAT = dwarf;
				ENABLE_STRICT_OBJC_MSGSEND = YES;
				ENABLE_TESTABILITY = YES;
				GCC_C_LANGUAGE_STANDARD = gnu11;
				GCC_DYNAMIC_NO_PIC = NO;
				GCC_NO_COMMON_BLOCKS = YES;
				GCC_OPTIMIZATION_LEVEL = 0;
				GCC_PREPROCESSOR_DEFINITIONS = (
					"DEBUG=1",
					"$(inherited)",
				);
				GCC_WARN_64_TO_32_BIT_CONVERSION = YES;
				GCC_WARN_ABOUT_RETURN_TYPE = YES_ERROR;
				GCC_WARN_UNDECLARED_SELECTOR = YES;
				GCC_WARN_UNINITIALIZED_AUTOS = YES_AGGRESSIVE;
				GCC_WARN_UNUSED_FUNCTION = YES;
				GCC_WARN_UNUSED_VARIABLE = YES;
				IPHONEOS_DEPLOYMENT_TARGET = 14.5;
				MTL_ENABLE_DEBUG_INFO = INCLUDE_SOURCE;
				MTL_FAST_MATH = YES;
				ONLY_ACTIVE_ARCH = YES;
				SDKROOT = iphoneos;
				SWIFT_ACTIVE_COMPILATION_CONDITIONS = DEBUG;
				SWIFT_OPTIMIZATION_LEVEL = "-Onone";
			};
			name = Debug;
		};
		B9D5A94A264F0B5600F920D7 /* Release */ = {
			isa = XCBuildConfiguration;
			buildSettings = {
				ALWAYS_SEARCH_USER_PATHS = NO;
				CLANG_ANALYZER_NONNULL = YES;
				CLANG_ANALYZER_NUMBER_OBJECT_CONVERSION = YES_AGGRESSIVE;
				CLANG_CXX_LANGUAGE_STANDARD = "gnu++14";
				CLANG_CXX_LIBRARY = "libc++";
				CLANG_ENABLE_MODULES = YES;
				CLANG_ENABLE_OBJC_ARC = YES;
				CLANG_ENABLE_OBJC_WEAK = YES;
				CLANG_WARN_BLOCK_CAPTURE_AUTORELEASING = YES;
				CLANG_WARN_BOOL_CONVERSION = YES;
				CLANG_WARN_COMMA = YES;
				CLANG_WARN_CONSTANT_CONVERSION = YES;
				CLANG_WARN_DEPRECATED_OBJC_IMPLEMENTATIONS = YES;
				CLANG_WARN_DIRECT_OBJC_ISA_USAGE = YES_ERROR;
				CLANG_WARN_DOCUMENTATION_COMMENTS = YES;
				CLANG_WARN_EMPTY_BODY = YES;
				CLANG_WARN_ENUM_CONVERSION = YES;
				CLANG_WARN_INFINITE_RECURSION = YES;
				CLANG_WARN_INT_CONVERSION = YES;
				CLANG_WARN_NON_LITERAL_NULL_CONVERSION = YES;
				CLANG_WARN_OBJC_IMPLICIT_RETAIN_SELF = YES;
				CLANG_WARN_OBJC_LITERAL_CONVERSION = YES;
				CLANG_WARN_OBJC_ROOT_CLASS = YES_ERROR;
				CLANG_WARN_QUOTED_INCLUDE_IN_FRAMEWORK_HEADER = YES;
				CLANG_WARN_RANGE_LOOP_ANALYSIS = YES;
				CLANG_WARN_STRICT_PROTOTYPES = YES;
				CLANG_WARN_SUSPICIOUS_MOVE = YES;
				CLANG_WARN_UNGUARDED_AVAILABILITY = YES_AGGRESSIVE;
				CLANG_WARN_UNREACHABLE_CODE = YES;
				CLANG_WARN__DUPLICATE_METHOD_MATCH = YES;
				COPY_PHASE_STRIP = NO;
				DEBUG_INFORMATION_FORMAT = "dwarf-with-dsym";
				ENABLE_NS_ASSERTIONS = NO;
				ENABLE_STRICT_OBJC_MSGSEND = YES;
				GCC_C_LANGUAGE_STANDARD = gnu11;
				GCC_NO_COMMON_BLOCKS = YES;
				GCC_WARN_64_TO_32_BIT_CONVERSION = YES;
				GCC_WARN_ABOUT_RETURN_TYPE = YES_ERROR;
				GCC_WARN_UNDECLARED_SELECTOR = YES;
				GCC_WARN_UNINITIALIZED_AUTOS = YES_AGGRESSIVE;
				GCC_WARN_UNUSED_FUNCTION = YES;
				GCC_WARN_UNUSED_VARIABLE = YES;
				IPHONEOS_DEPLOYMENT_TARGET = 14.5;
				MTL_ENABLE_DEBUG_INFO = NO;
				MTL_FAST_MATH = YES;
				SDKROOT = iphoneos;
				SWIFT_COMPILATION_MODE = wholemodule;
				SWIFT_OPTIMIZATION_LEVEL = "-O";
				VALIDATE_PRODUCT = YES;
			};
			name = Release;
		};
		B9D5A94C264F0B5600F920D7 /* Debug */ = {
			isa = XCBuildConfiguration;
			buildSettings = {
				ASSETCATALOG_COMPILER_APPICON_NAME = AppIcon;
				ASSETCATALOG_COMPILER_GLOBAL_ACCENT_COLOR_NAME = AccentColor;
				CODE_SIGN_STYLE = Automatic;
				DEVELOPMENT_TEAM = 6SWPW4P63L;
				INFOPLIST_FILE = StoreSearch/Info.plist;
				LD_RUNPATH_SEARCH_PATHS = (
					"$(inherited)",
					"@executable_path/Frameworks",
				);
				PRODUCT_BUNDLE_IDENTIFIER = com.tpirturk.StoreSearch;
				PRODUCT_NAME = "$(TARGET_NAME)";
				SWIFT_VERSION = 5.0;
				TARGETED_DEVICE_FAMILY = "1,2";
			};
			name = Debug;
		};
		B9D5A94D264F0B5600F920D7 /* Release */ = {
			isa = XCBuildConfiguration;
			buildSettings = {
				ASSETCATALOG_COMPILER_APPICON_NAME = AppIcon;
				ASSETCATALOG_COMPILER_GLOBAL_ACCENT_COLOR_NAME = AccentColor;
				CODE_SIGN_STYLE = Automatic;
				DEVELOPMENT_TEAM = 6SWPW4P63L;
				INFOPLIST_FILE = StoreSearch/Info.plist;
				LD_RUNPATH_SEARCH_PATHS = (
					"$(inherited)",
					"@executable_path/Frameworks",
				);
				PRODUCT_BUNDLE_IDENTIFIER = com.tpirturk.StoreSearch;
				PRODUCT_NAME = "$(TARGET_NAME)";
				SWIFT_VERSION = 5.0;
				TARGETED_DEVICE_FAMILY = "1,2";
			};
			name = Release;
		};
/* End XCBuildConfiguration section */

/* Begin XCConfigurationList section */
		B9D5A932264F0B5500F920D7 /* Build configuration list for PBXProject "StoreSearch" */ = {
			isa = XCConfigurationList;
			buildConfigurations = (
				B9D5A949264F0B5600F920D7 /* Debug */,
				B9D5A94A264F0B5600F920D7 /* Release */,
			);
			defaultConfigurationIsVisible = 0;
			defaultConfigurationName = Release;
		};
		B9D5A94B264F0B5600F920D7 /* Build configuration list for PBXNativeTarget "StoreSearch" */ = {
			isa = XCConfigurationList;
			buildConfigurations = (
				B9D5A94C264F0B5600F920D7 /* Debug */,
				B9D5A94D264F0B5600F920D7 /* Release */,
			);
			defaultConfigurationIsVisible = 0;
			defaultConfigurationName = Release;
		};
/* End XCConfigurationList section */
	};
	rootObject = B9D5A92F264F0B5500F920D7 /* Project object */;
}
